<?xml version="1.0" encoding="utf-8"?>
<Project ToolsVersion="4.0" xmlns="http://schemas.microsoft.com/developer/msbuild/2003">
  <ItemGroup>
    <Filter Include="Source Files">
      <UniqueIdentifier>{4FC737F1-C7A5-4376-A066-2A32D752A2FF}</UniqueIdentifier>
      <Extensions>cpp;c;cc;cxx;def;odl;idl;hpj;bat;asm;asmx</Extensions>
    </Filter>
    <Filter Include="Header Files">
      <UniqueIdentifier>{93995380-89BD-4b04-88EB-625FBE52EBFB}</UniqueIdentifier>
      <Extensions>h;hh;hpp;hxx;hm;inl;inc;xsd</Extensions>
    </Filter>
    <Filter Include="Resource Files">
      <UniqueIdentifier>{67DA6AB6-F800-4c08-8B7A-83BB121AAD01}</UniqueIdentifier>
      <Extensions>rc;ico;cur;bmp;dlg;rc2;rct;bin;rgs;gif;jpg;jpeg;jpe;resx;tiff;tif;png;wav;mfcribbon-ms</Extensions>
    </Filter>
  </ItemGroup>
  <ItemGroup>
    <Image Include="..\..\..\..\Visual Studio 2010\Projects\Ballcenter\Ballcenter\Map.png">
      <Filter>Resource Files</Filter>
    </Image>
    <Image Include="..\..\..\..\Visual Studio 2010\Projects\Ballcenter\Ballcenter\s-e.png">
      <Filter>Resource Files</Filter>
    </Image>
    <Image Include="..\..\..\..\Visual Studio 2010\Projects\Ballcenter\Ballcenter\im\FD-0.png">
      <Filter>Resource Files</Filter>
    </Image>
    <Image Include="..\..\..\..\Visual Studio 2010\Projects\Ballcenter\Ballcenter\im\FD-1.png">
      <Filter>Resource Files</Filter>
    </Image>
    <Image Include="..\..\..\..\Visual Studio 2010\Projects\Ballcenter\Ballcenter\im\FD-2.png">
      <Filter>Resource Files</Filter>
    </Image>
    <Image Include="..\..\..\..\Visual Studio 2010\Projects\Ballcenter\Ballcenter\im\FD-3.png">
      <Filter>Resource Files</Filter>
    </Image>
    <Image Include="..\..\..\..\Visual Studio 2010\Projects\Ballcenter\Ballcenter\im\FD-4.png">
      <Filter>Resource Files</Filter>
    </Image>
    <Image Include="..\..\..\..\Visual Studio 2010\Projects\Ballcenter\Ballcenter\im\FD-5.png">
      <Filter>Resource Files</Filter>
    </Image>
    <Image Include="..\..\..\..\Visual Studio 2010\Projects\Ballcenter\Ballcenter\im\FL-0.png">
      <Filter>Resource Files</Filter>
    </Image>
    <Image Include="..\..\..\..\Visual Studio 2010\Projects\Ballcenter\Ballcenter\im\FL-1.png">
      <Filter>Resource Files</Filter>
    </Image>
    <Image Include="..\..\..\..\Visual Studio 2010\Projects\Ballcenter\Ballcenter\im\FL-2.png">
      <Filter>Resource Files</Filter>
    </Image>
    <Image Include="..\..\..\..\Visual Studio 2010\Projects\Ballcenter\Ballcenter\im\FL-3.png">
      <Filter>Resource Files</Filter>
    </Image>
    <Image Include="..\..\..\..\Visual Studio 2010\Projects\Ballcenter\Ballcenter\im\FL-4.png">
      <Filter>Resource Files</Filter>
    </Image>
    <Image Include="..\..\..\..\Visual Studio 2010\Projects\Ballcenter\Ballcenter\im\FL-5.png">
      <Filter>Resource Files</Filter>
    </Image>
    <Image Include="..\..\..\..\Visual Studio 2010\Projects\Ballcenter\Ballcenter\im\FR-0.png">
      <Filter>Resource Files</Filter>
    </Image>
    <Image Include="..\..\..\..\Visual Studio 2010\Projects\Ballcenter\Ballcenter\im\FR-1.png">
      <Filter>Resource Files</Filter>
    </Image>
    <Image Include="..\..\..\..\Visual Studio 2010\Projects\Ballcenter\Ballcenter\im\FR-2.png">
      <Filter>Resource Files</Filter>
    </Image>
    <Image Include="..\..\..\..\Visual Studio 2010\Projects\Ballcenter\Ballcenter\im\FR-3.png">
      <Filter>Resource Files</Filter>
    </Image>
    <Image Include="..\..\..\..\Visual Studio 2010\Projects\Ballcenter\Ballcenter\im\FR-4.png">
      <Filter>Resource Files</Filter>
    </Image>
    <Image Include="..\..\..\..\Visual Studio 2010\Projects\Ballcenter\Ballcenter\im\FR-5.png">
      <Filter>Resource Files</Filter>
    </Image>
    <Image Include="..\..\..\..\Visual Studio 2010\Projects\Ballcenter\Ballcenter\im\FU-0.png">
      <Filter>Resource Files</Filter>
    </Image>
    <Image Include="..\..\..\..\Visual Studio 2010\Projects\Ballcenter\Ballcenter\im\FU-1.png">
      <Filter>Resource Files</Filter>
    </Image>
    <Image Include="..\..\..\..\Visual Studio 2010\Projects\Ballcenter\Ballcenter\im\FU-2.png">
      <Filter>Resource Files</Filter>
    </Image>
    <Image Include="..\..\..\..\Visual Studio 2010\Projects\Ballcenter\Ballcenter\im\FU-3.png">
      <Filter>Resource Files</Filter>
    </Image>
    <Image Include="..\..\..\..\Visual Studio 2010\Projects\Ballcenter\Ballcenter\im\FU-4.png">
      <Filter>Resource Files</Filter>
    </Image>
    <Image Include="..\..\..\..\Visual Studio 2010\Projects\Ballcenter\Ballcenter\im\FU-5.png">
      <Filter>Resource Files</Filter>
    </Image>
    <Image Include="..\..\..\..\Visual Studio 2010\Projects\Ballcenter\Ballcenter\im\TD-1.png">
      <Filter>Resource Files</Filter>
    </Image>
    <Image Include="..\..\..\..\Visual Studio 2010\Projects\Ballcenter\Ballcenter\im\TD-2.png">
      <Filter>Resource Files</Filter>
    </Image>
    <Image Include="..\..\..\..\Visual Studio 2010\Projects\Ballcenter\Ballcenter\im\TL-1.png">
      <Filter>Resource Files</Filter>
    </Image>
    <Image Include="..\..\..\..\Visual Studio 2010\Projects\Ballcenter\Ballcenter\im\TL-2.png">
      <Filter>Resource Files</Filter>
    </Image>
    <Image Include="..\..\..\..\Visual Studio 2010\Projects\Ballcenter\Ballcenter\im\TR-1.png">
      <Filter>Resource Files</Filter>
    </Image>
    <Image Include="..\..\..\..\Visual Studio 2010\Projects\Ballcenter\Ballcenter\im\TR-2.png">
      <Filter>Resource Files</Filter>
    </Image>
    <Image Include="..\..\..\..\Visual Studio 2010\Projects\Ballcenter\Ballcenter\im\TU-1.png">
      <Filter>Resource Files</Filter>
    </Image>
    <Image Include="..\..\..\..\Visual Studio 2010\Projects\Ballcenter\Ballcenter\im\TU-2.png">
      <Filter>Resource Files</Filter>
    </Image>
  </ItemGroup>
  <ItemGroup>
    <ClInclude Include="Target.h">
      <Filter>Header Files</Filter>
    </ClInclude>
    <ClInclude Include="Tower.h">
      <Filter>Header Files</Filter>
    </ClInclude>
    <ClInclude Include="const.h">
      <Filter>Header Files</Filter>
    </ClInclude>
    <ClInclude Include="legos.h">
      <Filter>Header Files</Filter>
    </ClInclude>
    <ClInclude Include="camera.h">
      <Filter>Header Files</Filter>
    </ClInclude>
    <ClInclude Include="data.h">
      <Filter>Header Files</Filter>
    </ClInclude>
    <ClInclude Include="debug.h">
      <Filter>Header Files</Filter>
    </ClInclude>
    <ClInclude Include="calibrate.h">
      <Filter>Header Files</Filter>
    </ClInclude>
    <ClInclude Include="Serial.h">
      <Filter>Header Files</Filter>
    </ClInclude>
    <ClInclude Include="Print.h">
      <Filter>Header Files</Filter>
    </ClInclude>
  </ItemGroup>
  <ItemGroup>
    <ClCompile Include="main.cpp">
      <Filter>Source Files</Filter>
    </ClCompile>
    <ClCompile Include="Target.cpp">
      <Filter>Source Files</Filter>
    </ClCompile>
    <ClCompile Include="Tower.cpp">
      <Filter>Source Files</Filter>
    </ClCompile>
    <ClCompile Include="calibrate.cpp">
      <Filter>Source Files</Filter>
    </ClCompile>
    <ClCompile Include="camera.cpp">
      <Filter>Source Files</Filter>
    </ClCompile>
    <ClCompile Include="data.cpp">
      <Filter>Source Files</Filter>
    </ClCompile>
    <ClCompile Include="debug.cpp">
      <Filter>Source Files</Filter>
    </ClCompile>
    <ClCompile Include="legos.cpp">
      <Filter>Source Files</Filter>
    </ClCompile>
    <ClCompile Include="Serial.cpp">
      <Filter>Source Files</Filter>
    </ClCompile>
  </ItemGroup>
</Project>